{
  "requires": true,
  "lockfileVersion": 1,
  "dependencies": {
    "react-native-macaw": {
      "version": "0.0.1",
      "resolved": "https://registry.npmjs.org/react-native-macaw/-/react-native-macaw-0.0.1.tgz",
      "integrity": "sha512-cH359cSt9GWhCDdtCg9k8gsWEx4wydmY1HuDeSMkWhJZMn5v/VmsZ63nr3WvSAyOZnHCaWWdF48Dm1aUXCtq3g=="
    }
  }
}
